[[package]]
category = "main"
description = "A small Python module for determining appropriate platform-specific dirs, e.g. a \"user data dir\"."
marker = "python_full_version < \"3.2.0\" and python_version != \"3.2\" or python_full_version >= \"3.3.0\" and python_version != \"3.2\""
name = "appdirs"
optional = false
python-versions = "*"
version = "1.4.4"

[[package]]
category = "main"
description = "Python command-line parsing library"
name = "argparse"
optional = false
python-versions = "*"
version = "1.4.0"

[[package]]
category = "main"
description = "Better dates and times for Python"
name = "arrow"
optional = false
python-versions = "*"
version = "0.8.0"

[package.dependencies]
python-dateutil = "*"

[[package]]
category = "main"
description = "Atomic file writes."
name = "atomicwrites"
optional = false
python-versions = ">=2.7, !=3.0.*, !=3.1.*, !=3.2.*, !=3.3.*"
version = "1.4.1"

[[package]]
category = "main"
description = "Classes Without Boilerplate"
name = "attrs"
optional = false
python-versions = ">=2.7, !=3.0.*, !=3.1.*, !=3.2.*, !=3.3.*"
version = "21.1.0"

[package.extras]
dev = ["coverage (>=5.0.2)", "hypothesis", "pympler", "pytest (>=4.3.0)", "six", "mypy", "pytest-mypy-plugins", "zope.interface", "furo", "sphinx", "sphinx-notfound-page", "pre-commit"]
docs = ["furo", "sphinx", "zope.interface", "sphinx-notfound-page"]
tests = ["coverage (>=5.0.2)", "hypothesis", "pympler", "pytest (>=4.3.0)", "six", "mypy", "pytest-mypy-plugins", "zope.interface"]
tests_no_zope = ["coverage (>=5.0.2)", "hypothesis", "pympler", "pytest (>=4.3.0)", "six", "mypy", "pytest-mypy-plugins"]

[[package]]
category = "main"
description = "Screen-scraping library"
name = "beautifulsoup4"
optional = false
python-versions = ">3.0.0"
version = "4.10.0"

[package.dependencies]
soupsieve = ">1.2"

[package.extras]
html5lib = ["html5lib"]
lxml = ["lxml"]

[[package]]
category = "main"
description = "Extensible memoizing collections and decorators"
marker = "python_version >= \"3\""
name = "cachetools"
optional = false
python-versions = "*"
version = "3.1.1"

[[package]]
category = "main"
description = "Python package for providing Mozilla's CA Bundle."
name = "certifi"
optional = false
python-versions = "*"
version = "2021.10.8"

[[package]]
category = "main"
description = "Foreign Function Interface for Python calling C code."
name = "cffi"
optional = false
python-versions = "*"
version = "1.15.1"

[package.dependencies]
pycparser = "*"

[[package]]
category = "main"
description = "Universal encoding detector for Python 2 and 3"
name = "chardet"
optional = false
python-versions = "*"
version = "3.0.4"

[[package]]
category = "main"
description = "Cross-platform colored terminal text."
marker = "sys_platform == \"win32\""
name = "colorama"
optional = false
python-versions = ">=2.7, !=3.0.*, !=3.1.*, !=3.2.*, !=3.3.*"
version = "0.4.1"

[[package]]
category = "main"
description = "cryptography is a package which provides cryptographic recipes and primitives to Python developers."
name = "cryptography"
optional = false
python-versions = ">=2.7,!=3.0.*,!=3.1.*,!=3.2.*,!=3.3.*"
version = "2.8"

[package.dependencies]
cffi = ">=1.8,<1.11.3 || >1.11.3"
six = ">=1.4.1"

[package.extras]
docs = ["sphinx (>=1.6.5,<1.8.0 || >1.8.0)", "sphinx-rtd-theme"]
docstest = ["doc8", "pyenchant (>=1.6.11)", "twine (>=1.12.0)", "sphinxcontrib-spelling (>=4.0.1)"]
idna = ["idna (>=2.1)"]
pep8test = ["flake8", "flake8-import-order", "pep8-naming"]
test = ["pytest (>=3.6.0,<3.9.0 || >3.9.0,<3.9.1 || >3.9.1,<3.9.2 || >3.9.2)", "pretend", "iso8601", "pytz", "hypothesis (>=1.11.4,<3.79.2 || >3.79.2)"]

[[package]]
category = "main"
description = "cssselect parses CSS3 Selectors and translates them to XPath 1.0"
name = "cssselect"
optional = false
python-versions = ">=2.7, !=3.0.*, !=3.1.*, !=3.2.*, !=3.3.*"
version = "1.1.0"

[[package]]
category = "main"
description = "XML bomb protection for Python stdlib modules"
marker = "python_version >= \"3.0\""
name = "defusedxml"
optional = false
python-versions = "*"
version = "0.5.0"

[[package]]
category = "main"
description = "Distribution utilities"
marker = "python_full_version < \"3.2.0\" and python_version != \"3.2\" or python_full_version >= \"3.3.0\" and python_version != \"3.2\""
name = "distlib"
optional = false
python-versions = "*"
version = "0.3.6"

[[package]]
category = "main"
description = "A high-level Python Web framework that encourages rapid development and clean, pragmatic design."
name = "django"
optional = false
python-versions = ">=3.4"
version = "2.0.13"

[package.dependencies]
pytz = "*"

[package.extras]
argon2 = ["argon2-cffi (>=16.1.0)"]
bcrypt = ["bcrypt"]

[[package]]
category = "main"
description = "A helper class for handling configuration defaults of packaged apps gracefully."
name = "django-appconf"
optional = false
python-versions = "*"
version = "1.0.4"

[package.dependencies]
django = "*"

[[package]]
category = "main"
description = "django-bootstrap-form"
name = "django-bootstrap-form"
optional = false
python-versions = "*"
version = "3.4"

[package.dependencies]
django = ">=1.5"

[[package]]
category = "main"
description = "Caches your Django ORM queries and automatically invalidates them."
name = "django-cachalot"
optional = false
python-versions = "*"
version = "2.1.0"

[package.dependencies]
Django = ">=1.11,<2.2"

[[package]]
category = "main"
description = "Django admin CKEditor integration."
name = "django-ckeditor"
optional = false
python-versions = "*"
version = "5.9.0"

[package.dependencies]
django-js-asset = ">=1.2.2"

[[package]]
category = "main"
description = "Compresses linked and inline JavaScript or CSS into single cached files."
name = "django-compressor"
optional = false
python-versions = "*"
version = "2.4.1"

[package.dependencies]
django-appconf = ">=1.0.3"
rcssmin = "1.0.6"
rjsmin = "1.1.0"
six = ">=1.12.0"

[[package]]
category = "main"
description = "Optimistic lock implementation for Django. Prevents users from doing concurrent editing."
name = "django-concurrency"
optional = false
python-versions = "*"
version = "2.0"

[[package]]
category = "main"
description = "Set of widgets to build dashboards for your Django-project."
name = "django-controlcenter"
optional = false
python-versions = "*"
version = "0.3.1"

[package.dependencies]
django-pkgconf = ">=0.4.0,<0.5.0"

[[package]]
category = "main"
description = "A configurable set of panels that display various debug information about the current request/response."
name = "django-debug-toolbar"
optional = false
python-versions = ">=2.7, !=3.0.*, !=3.1.*, !=3.2.*, !=3.3.*"
version = "1.11.1"

[package.dependencies]
Django = ">=1.11"
sqlparse = ">=0.2.0"

[[package]]
category = "main"
description = "Digg-like Paginator from Django Snippets"
name = "django-digg-paginator"
optional = false
python-versions = "*"
version = "0.1.3"

[[package]]
category = "main"
description = "Tiny stuff for Django that won't fit into separate apps."
name = "django-etc"
optional = false
python-versions = "*"
version = "1.4.0"

[[package]]
category = "main"
description = "html minify for django"
name = "django-htmlmin"
optional = false
python-versions = "*"
version = "0.9.1"

[package.dependencies]
argparse = "*"
beautifulsoup4 = "*"
html5lib = "*"

[[package]]
category = "main"
description = "script tag with additional attributes for django.forms.Media"
name = "django-js-asset"
optional = false
python-versions = "*"
version = "1.2.3"

[[package]]
category = "main"
description = "Django app providing view interface to django-secretballot."
name = "django-likes"
optional = false
python-versions = "*"
version = "2.0.1"

[package.dependencies]
django-secretballot = ">=1.0.0"

[[package]]
category = "main"
description = "Custom ordering for the apps and models in the admin app."
name = "django-modeladmin-reorder"
optional = false
python-versions = "*"
version = "0.3.1"

[package.dependencies]
django = "*"

[[package]]
category = "main"
description = "Yet another application settings helper."
name = "django-pkgconf"
optional = false
python-versions = "*"
version = "0.4.0"

[[package]]
category = "main"
description = "Simple Django app for manipulating static files (img files)"
name = "django-remdow"
optional = false
python-versions = "*"
version = "0.0.6"

[package.dependencies]
beautifulsoup4 = "*"
django = ">=1.6"

[[package]]
category = "main"
description = "Django anonymous voting application."
name = "django-secretballot"
optional = false
python-versions = "*"
version = "2.0.0"

[package.dependencies]
django-etc = ">=1.2.0"

[package.extras]
develop = ["tox", "django", "pytest-django", "pytest"]
test = ["pytest-django", "pytest-cov", "pytest"]

[[package]]
category = "main"
description = "Reusable application for Django introducing URL-dependent static and dynamic data blocks"
name = "django-siteblocks"
optional = false
python-versions = "*"
version = "0.6.1"

[[package]]
category = "main"
description = "django-taggit is a reusable Django application for simple tagging."
name = "django-taggit"
optional = false
python-versions = ">=2.7, !=3.0.*, !=3.1.*, !=3.2.*, !=3.3.*"
version = "0.24.0"

[package.dependencies]
Django = ">=1.11"

[[package]]
category = "main"
description = "Autosuggestions for django-taggit"
name = "django-taggit-autosuggest"
optional = false
python-versions = "*"
version = "0.3.8"

[package.dependencies]
django-taggit = "*"

[[package]]
category = "main"
description = "a Django user account app"
name = "django-user-accounts"
optional = false
python-versions = "*"
version = "2.1.0"

[package.dependencies]
Django = ">=1.11"
django-appconf = ">=1.0.1"
pytz = ">=2015.6"

[package.extras]
pytest = ["pytest", "pytest-django"]

[[package]]
category = "main"
description = "Universal feed parser, handles RSS 0.9x, RSS 1.0, RSS 2.0, CDF, Atom 0.3, and Atom 1.0 feeds"
name = "feedparser"
optional = false
python-versions = "*"
version = "5.2.1"

[[package]]
category = "main"
description = "A platform independent file lock."
marker = "python_full_version < \"3.2.0\" and python_version != \"3.2\" or python_full_version >= \"3.3.0\" and python_version != \"3.2\""
name = "filelock"
optional = false
python-versions = "*"
version = "3.0.12"

[[package]]
category = "main"
description = "A fancy and practical functional tools"
name = "funcy"
optional = false
python-versions = "*"
version = "1.17"

[[package]]
category = "main"
description = "Google API client core library"
marker = "python_version >= \"3\""
name = "google-api-core"
optional = false
python-versions = ">=2.7,!=3.0.*,!=3.1.*,!=3.2.*,!=3.3.*"
version = "1.23.0"

[package.dependencies]
google-auth = ">=1.21.1,<2.0dev"
googleapis-common-protos = ">=1.6.0,<2.0dev"
protobuf = ">=3.12.0"
pytz = "*"
requests = ">=2.18.0,<3.0.0dev"
setuptools = ">=34.0.0"
six = ">=1.13.0"

[package.extras]
grpc = ["grpcio (>=1.29.0,<2.0dev)"]
grpcgcp = ["grpcio-gcp (>=0.2.2)"]
grpcio-gcp = ["grpcio-gcp (>=0.2.2)"]

[[package]]
category = "main"
description = "Google API Client Library for Python"
name = "google-api-python-client"
optional = false
python-versions = ">=2.7,!=3.0.*,!=3.1.*,!=3.2.*,!=3.3.*"
version = "1.12.11"

[package.dependencies]
google-auth-httplib2 = ">=0.0.3"
httplib2 = ">=0.15.0,<1dev"
six = ">=1.13.0,<2dev"
uritemplate = ">=3.0.0,<4dev"

[package.dependencies.google-api-core]
python = ">=3"
version = ">=1.21.0,<3dev"

[package.dependencies.google-auth]
python = ">=3"
version = ">=1.16.0,<3dev"

[[package]]
category = "main"
description = "Google Authentication Library"
name = "google-auth"
optional = false
python-versions = ">=2.7,!=3.0.*,!=3.1.*,!=3.2.*,!=3.3.*"
version = "1.23.0"

[package.dependencies]
cachetools = ">=2.0.0,<5.0"
pyasn1-modules = ">=0.2.1"
setuptools = ">=40.3.0"
six = ">=1.9.0"

[package.dependencies.rsa]
python = "<3.5"
version = "<4.6"

[package.extras]
aiohttp = ["aiohttp (>=3.6.2,<4.0.0dev)"]

[[package]]
category = "main"
description = "Google Authentication Library: httplib2 transport"
name = "google-auth-httplib2"
optional = false
python-versions = "*"
version = "0.1.0"

[package.dependencies]
google-auth = "*"
httplib2 = ">=0.15.0"
six = "*"

[[package]]
category = "main"
description = "Common protobufs used in Google APIs"
marker = "python_version >= \"3\""
name = "googleapis-common-protos"
optional = false
python-versions = ">=2.7,!=3.0.*,!=3.1.*,!=3.2.*,!=3.3.*"
version = "1.52.0"

[package.dependencies]
protobuf = ">=3.6.0"

[package.extras]
grpc = ["grpcio (>=1.0.0)"]

[[package]]
category = "main"
description = "HTML parser based on the WHATWG HTML specification"
name = "html5lib"
optional = false
python-versions = "*"
version = "1.0.1"

[package.dependencies]
six = ">=1.9"
webencodings = "*"

[package.extras]
all = ["genshi", "chardet (>=2.2)", "datrie", "lxml"]
chardet = ["chardet (>=2.2)"]
datrie = ["datrie"]
genshi = ["genshi"]
lxml = ["lxml"]

[[package]]
category = "main"
description = "A comprehensive HTTP client library."
name = "httplib2"
optional = false
python-versions = ">=2.7, !=3.0.*, !=3.1.*, !=3.2.*, !=3.3.*"
version = "0.21.0"

[package.dependencies]
[package.dependencies.pyparsing]
python = ">=3.1"
version = ">=2.4.2,<3.0.0 || >3.0.0,<3.0.1 || >3.0.1,<3.0.2 || >3.0.2,<3.0.3 || >3.0.3,<4"

[[package]]
category = "main"
description = "Internationalized Domain Names in Applications (IDNA)"
name = "idna"
optional = false
python-versions = ">=2.7, !=3.0.*, !=3.1.*, !=3.2.*, !=3.3.*"
version = "2.8"

[[package]]
category = "main"
description = "Read metadata from Python packages"
name = "importlib-metadata"
optional = false
python-versions = "!=3.0.*,!=3.1.*,!=3.2.*,!=3.3.*,>=2.7"
version = "1.1.3"

[package.dependencies]
zipp = ">=0.5"

[package.extras]
docs = ["sphinx", "rst.linker"]
testing = ["packaging", "importlib-resources"]

[[package]]
category = "main"
description = "Read resources from Python packages"
marker = "python_full_version < \"3.2.0\" and python_version < \"3.7\" and python_version != \"3.2\" or python_full_version >= \"3.3.0\" and python_version < \"3.7\" and python_version != \"3.2\""
name = "importlib-resources"
optional = false
python-versions = ">=2.7,!=3.0,!=3.1,!=3.2,!=3.3"
version = "1.0.2"

[package.dependencies]
[package.dependencies.typing]
python = "<3.5"
version = "*"

[[package]]
category = "main"
description = "Powerful and Pythonic XML processing library combining libxml2/libxslt with the ElementTree API."
name = "lxml"
optional = false
python-versions = "*"
version = "3.8.0"

[package.extras]
cssselect = ["cssselect (>=0.7)"]
html5 = ["html5lib"]
htmlsoup = ["beautifulsoup4"]
source = ["Cython (>=0.20)"]

[[package]]
category = "main"
description = "a small library for extracting rich content from urls"
name = "micawber"
optional = false
python-versions = "*"
version = "0.3.8"

[[package]]
category = "main"
description = "Rolling backport of unittest.mock for all Pythons"
name = "mock"
optional = false
python-versions = "*"
version = "2.0.0"

[package.dependencies]
pbr = ">=0.11"
six = ">=1.9"

[package.extras]
docs = ["sphinx", "Pygments (<2)", "jinja2 (<2.7)", "sphinx (<1.3)"]
test = ["unittest2 (>=1.1.0)"]

[[package]]
category = "main"
description = "More routines for operating on iterables, beyond itertools"
marker = "python_version > \"2.7\""
name = "more-itertools"
optional = false
python-versions = ">=3.4"
version = "7.2.0"

[[package]]
category = "main"
description = "A generic, spec-compliant, thorough implementation of the OAuth request-signing logic"
name = "oauthlib"
optional = false
python-versions = ">=2.7, !=3.0.*, !=3.1.*, !=3.2.*, !=3.3.*"
version = "3.1.0"

[package.extras]
rsa = ["cryptography"]
signals = ["blinker"]
signedtoken = ["cryptography", "pyjwt (>=1.0.0)"]

[[package]]
category = "main"
description = "Core utilities for Python packages"
name = "packaging"
optional = false
python-versions = ">=2.7, !=3.0.*, !=3.1.*, !=3.2.*, !=3.3.*"
version = "20.9"

[package.dependencies]
pyparsing = ">=2.0.2"

[[package]]
category = "main"
description = "Object-oriented filesystem paths"
marker = "python_version < \"3.6\""
name = "pathlib2"
optional = false
python-versions = "*"
version = "2.3.7.post1"

[package.dependencies]
six = "*"

[package.dependencies.scandir]
python = "<3.5"
version = "*"

[package.dependencies.typing]
python = "<3.5"
version = "*"

[[package]]
category = "main"
description = "Python Build Reasonableness"
name = "pbr"
optional = false
python-versions = ">=2.6"
version = "5.11.0"

[[package]]
category = "main"
description = "Python Imaging Library (Fork)"
name = "pillow"
optional = false
python-versions = "*"
version = "3.4.2"

[[package]]
category = "main"
description = "plugin and hook calling mechanisms for python"
name = "pluggy"
optional = false
python-versions = ">=2.7, !=3.0.*, !=3.1.*, !=3.2.*, !=3.3.*"
version = "0.13.1"

[package.dependencies]
[package.dependencies.importlib-metadata]
python = "<3.8"
version = ">=0.12"

[package.extras]
dev = ["pre-commit", "tox"]

[[package]]
category = "main"
description = "Protocol Buffers"
marker = "python_version >= \"3\""
name = "protobuf"
optional = false
python-versions = "*"
version = "3.18.0"

[[package]]
category = "main"
description = "library with cross-python path, ini-parsing, io, code, log facilities"
name = "py"
optional = false
python-versions = ">=2.7, !=3.0.*, !=3.1.*, !=3.2.*, !=3.3.*"
version = "1.10.0"

[[package]]
category = "main"
description = "ASN.1 types and codecs"
name = "pyasn1"
optional = false
python-versions = "*"
version = "0.4.8"

[[package]]
category = "main"
description = "A collection of ASN.1-based protocols modules."
marker = "python_version >= \"3\""
name = "pyasn1-modules"
optional = false
python-versions = "*"
version = "0.2.8"

[package.dependencies]
pyasn1 = ">=0.4.6,<0.5.0"

[[package]]
category = "main"
description = "C parser in Python"
name = "pycparser"
optional = false
python-versions = ">=2.7, !=3.0.*, !=3.1.*, !=3.2.*, !=3.3.*"
version = "2.21"

[[package]]
category = "main"
description = "JSON Web Token implementation in Python"
name = "pyjwt"
optional = false
python-versions = "*"
version = "1.7.1"

[package.extras]
crypto = ["cryptography (>=1.4)"]
flake8 = ["flake8", "flake8-import-order", "pep8-naming"]
test = ["pytest (>=4.0.1,<5.0.0)", "pytest-cov (>=2.6.0,<3.0.0)", "pytest-runner (>=4.2,<5.0.0)"]

[[package]]
category = "main"
description = "Python parsing module"
name = "pyparsing"
optional = false
python-versions = ">=2.6, !=3.0.*, !=3.1.*, !=3.2.*"
version = "2.4.7"

[[package]]
category = "main"
description = "A Python SOCKS client module. See https://github.com/Anorov/PySocks for more information."
name = "pysocks"
optional = false
python-versions = ">=2.7, !=3.0.*, !=3.1.*, !=3.2.*, !=3.3.*"
version = "1.7.1"

[[package]]
category = "main"
description = "pytest: simple powerful testing with Python"
name = "pytest"
optional = false
python-versions = ">=2.7, !=3.0.*, !=3.1.*, !=3.2.*, !=3.3.*"
version = "4.6.0"

[package.dependencies]
atomicwrites = ">=1.0"
attrs = ">=17.4.0"
colorama = "*"
importlib-metadata = ">=0.12"
packaging = "*"
pluggy = ">=0.12,<1.0"
py = ">=1.5.0"
six = ">=1.10.0"
wcwidth = "*"

[package.dependencies.more-itertools]
python = ">=2.8"
version = ">=4.0.0"

[package.dependencies.pathlib2]
python = "<3.6"
version = ">=2.2.0"

[package.extras]
testing = ["argcomplete", "hypothesis (>=3.56)", "nose", "requests", "mock"]

[[package]]
category = "main"
description = "Invoke py.test as distutils command with dependency resolution"
name = "pytest-runner"
optional = false
python-versions = ">=2.7"
version = "5.2"

[package.extras]
docs = ["sphinx", "jaraco.packaging (>=3.2)", "rst.linker (>=1.9)"]
testing = ["pytest (>=3.5,<3.7.3 || >3.7.3)", "pytest-checkdocs", "pytest-flake8", "pytest-black-multipy", "pytest-cov", "pytest-virtualenv"]

[[package]]
category = "main"
description = "Extensions to the standard Python datetime module"
name = "python-dateutil"
optional = false
python-versions = "!=3.0.*,!=3.1.*,!=3.2.*,>=2.7"
version = "2.8.2"

[package.dependencies]
six = ">=1.5"

[[package]]
category = "main"
description = "Python social authentication made simple."
name = "python-social-auth"
optional = false
python-versions = "*"
version = "0.3.6"

[package.dependencies]
social-auth-core = "*"

[package.dependencies.social-auth-app-django]
optional = true
version = "*"

[package.extras]
cherrypy = ["social-auth-app-cherrypy"]
django = ["social-auth-app-django"]
django-mongoengine = ["social-auth-app-django-mongoengine"]
flask = ["social-auth-app-flask-sqlalchemy", "social-auth-app-flask"]
flask-mongoengine = ["social-auth-app-flask-mongoengine"]
flask-peewee = ["social-auth-app-flask-peewee"]
pyramid = ["social-auth-app-pyramid"]
tornado = ["social-auth-app-tornado"]
webpy = ["social-auth-app-webpy"]

[[package]]
category = "main"
description = "OpenID support for modern servers and consumers."
marker = "python_version >= \"3.0\""
name = "python3-openid"
optional = false
python-versions = "*"
version = "3.2.0"

[package.dependencies]
defusedxml = "*"

[package.extras]
mysql = ["mysql-connector-python"]
postgresql = ["psycopg2"]

[[package]]
category = "main"
description = "Russian-specific string utils"
name = "pytils"
optional = false
python-versions = "*"
version = "0.3"

[[package]]
category = "main"
description = "World timezone definitions, modern and historical"
name = "pytz"
optional = false
python-versions = "*"
version = "2022.6"

[[package]]
category = "main"
description = "YAML parser and emitter for Python"
name = "pyyaml"
optional = false
python-versions = "*"
version = "3.13"

[[package]]
category = "main"
description = "CSS Minifier"
name = "rcssmin"
optional = false
python-versions = "*"
version = "1.0.6"

[[package]]
category = "main"
description = "fast html to text parser (article readability tool) with python3 support"
name = "readability-lxml"
optional = false
python-versions = "*"
version = "0.6.2"

[package.dependencies]
chardet = "*"
cssselect = "*"
lxml = "*"

[[package]]
category = "main"
description = "Python HTTP for Humans."
name = "requests"
optional = false
python-versions = ">=2.7, !=3.0.*, !=3.1.*, !=3.2.*, !=3.3.*"
version = "2.21.0"

[package.dependencies]
certifi = ">=2017.4.17"
chardet = ">=3.0.2,<3.1.0"
idna = ">=2.5,<2.9"
urllib3 = ">=1.21.1,<1.25"

[package.extras]
security = ["pyOpenSSL (>=0.14)", "cryptography (>=1.3.4)", "idna (>=2.0.0)"]
socks = ["PySocks (>=1.5.6,<1.5.7 || >1.5.7)", "win-inet-pton"]

[[package]]
category = "main"
description = "OAuthlib authentication support for Requests."
name = "requests-oauthlib"
optional = false
python-versions = ">=2.7, !=3.0.*, !=3.1.*, !=3.2.*, !=3.3.*"
version = "1.3.1"

[package.dependencies]
oauthlib = ">=3.0.0"
requests = ">=2.0.0"

[package.extras]
rsa = ["oauthlib (>=3.0.0)"]

[[package]]
category = "main"
description = "Javascript Minifier"
name = "rjsmin"
optional = false
python-versions = "*"
version = "1.1.0"

[[package]]
category = "main"
description = "Pure-Python RSA implementation"
name = "rsa"
optional = false
python-versions = "*"
version = "3.4.2"

[package.dependencies]
pyasn1 = ">=0.1.3"

[[package]]
category = "main"
description = "scandir, a better directory iterator and faster os.walk()"
marker = "python_version < \"3.5\""
name = "scandir"
optional = false
python-versions = "*"
version = "1.10.0"

[[package]]
category = "main"
description = "Python 2 and 3 compatibility utilities"
name = "six"
optional = false
python-versions = ">=2.7, !=3.0.*, !=3.1.*, !=3.2.*"
version = "1.16.0"

[[package]]
category = "main"
description = "Python Social Authentication, Django integration."
name = "social-auth-app-django"
optional = false
python-versions = "*"
version = "4.0.0"

[package.dependencies]
six = "*"
social-auth-core = ">=3.3.0"

[[package]]
category = "main"
description = "Python social authentication made simple."
name = "social-auth-core"
optional = false
python-versions = "*"
version = "4.0.2"

[package.dependencies]
PyJWT = ">=1.4.0,<2"
cryptography = ">=1.4"
oauthlib = ">=1.0.3"
requests = ">=2.9.1"
requests-oauthlib = ">=0.6.1"
six = ">=1.10.0"

[package.dependencies.defusedxml]
python = ">=3.0"
version = ">=0.5.0rc1"

[package.dependencies.python3-openid]
python = ">=3.0"
version = ">=3.0.10"

[package.extras]
all = ["python-jose (>=3.0.0)", "pyjwt (>=1.7.1)", "python3-saml (>=1.2.1)", "cryptography (>=2.1.1)"]
allpy3 = ["python-jose (>=3.0.0)", "pyjwt (>=1.7.1)", "python3-saml (>=1.2.1)", "cryptography (>=2.1.1)", "defusedxml (>=0.5.0rc1)", "python3-openid (>=3.0.10)"]
azuread = ["cryptography (>=2.1.1)"]
openidconnect = ["python-jose (>=3.0.0)", "pyjwt (>=1.7.1)"]
saml = ["python3-saml (>=1.2.1)"]

[[package]]
category = "main"
description = "Thumbnails for Django"
name = "sorl-thumbnail"
optional = false
python-versions = ">=3.4"
version = "12.7.0"

[[package]]
category = "main"
description = "A modern CSS selector implementation for Beautiful Soup."
name = "soupsieve"
optional = false
python-versions = "*"
version = "1.9.6"

[[package]]
category = "main"
description = "Non-validating SQL parser"
name = "sqlparse"
optional = false
python-versions = ">=2.7, !=3.0.*, !=3.1.*, !=3.2.*, !=3.3.*"
version = "0.3.1"

[[package]]
category = "main"
description = "Stem is a Python controller library that allows applications to interact with Tor (https://www.torproject.org/)."
name = "stem"
optional = false
python-versions = "*"
version = "1.8.1"

[[package]]
category = "main"
description = "virtualenv-based automation of test activities"
name = "tox"
optional = false
python-versions = "*"
version = "2.9.1"

[package.dependencies]
pluggy = ">=0.3.0,<1.0"
py = ">=1.4.17"
six = "*"

[package.dependencies.virtualenv]
python = "<3.2.0 || >=3.3.0"
version = ">=1.11.2"

[[package]]
category = "main"
description = "Twitter library for python"
name = "tweepy"
optional = false
python-versions = ">=2.7, !=3.0.*, !=3.1.*, !=3.2.*, !=3.3.*"
version = "3.7.0"

[package.dependencies]
PySocks = ">=1.5.7"
requests = ">=2.11.1"
requests-oauthlib = ">=0.7.0"
six = ">=1.10.0"

[[package]]
category = "main"
description = "Unofficial Telegram Bot API Library and Client"
name = "twx.botapi"
optional = false
python-versions = "*"
version = "2.1.0"

[package.dependencies]
requests = "*"

[[package]]
category = "main"
description = "Type Hints for Python"
name = "typing"
optional = false
python-versions = ">=2.7, !=3.0.*, !=3.1.*, !=3.2.*, !=3.3.*, <3.5"
version = "3.10.0.0"

[[package]]
category = "main"
description = "ASCII transliterations of Unicode text"
name = "unidecode"
optional = false
python-versions = "*"
version = "0.04.21"

[[package]]
category = "main"
description = "URI templates"
name = "uritemplate"
optional = false
python-versions = ">=2.7, !=3.0.*, !=3.1.*, !=3.2.*, !=3.3.*"
version = "3.0.1"

[[package]]
category = "main"
description = "HTTP library with thread-safe connection pooling, file post, and more."
name = "urllib3"
optional = false
python-versions = ">=2.7, !=3.0.*, !=3.1.*, !=3.2.*, !=3.3.*, <4"
version = "1.24.3"

[package.extras]
secure = ["pyOpenSSL (>=0.14)", "cryptography (>=1.3.4)", "idna (>=2.0.0)", "certifi", "ipaddress"]
socks = ["PySocks (>=1.5.6,<1.5.7 || >1.5.7,<2.0)"]

[[package]]
category = "main"
description = "A utility class for manipulating URLs."
name = "urlobject"
optional = false
python-versions = "*"
version = "2.4.3"

[[package]]
category = "main"
description = "Virtual Python Environment builder"
marker = "python_version != \"3.2\""
name = "virtualenv"
optional = false
python-versions = "!=3.0.*,!=3.1.*,!=3.2.*,!=3.3.*,>=2.7"
version = "20.4.7"

[package.dependencies]
appdirs = ">=1.4.3,<2"
distlib = ">=0.3.1,<1"
filelock = ">=3.0.0,<4"
six = ">=1.9.0,<2"

[package.dependencies.importlib-metadata]
python = "<3.8"
version = ">=0.12"

[package.dependencies.importlib-resources]
python = "<3.7"
version = ">=1.0"

[package.extras]
docs = ["proselint (>=0.10.2)", "sphinx (>=3)", "sphinx-argparse (>=0.2.5)", "sphinx-rtd-theme (>=0.4.3)", "towncrier (>=19.9.0rc1)"]
testing = ["coverage (>=4)", "coverage-enable-subprocess (>=1)", "flaky (>=3)", "pytest (>=4)", "pytest-env (>=0.6.2)", "pytest-freezegun (>=0.4.1)", "pytest-mock (>=2)", "pytest-randomly (>=1)", "pytest-timeout (>=1)", "packaging (>=20.0)", "xonsh (>=0.9.16)"]

[[package]]
category = "main"
description = "Measures the displayed width of unicode strings in a terminal"
name = "wcwidth"
optional = false
python-versions = "*"
version = "0.2.5"

[[package]]
category = "main"
description = "Character encoding aliases for legacy web content"
name = "webencodings"
optional = false
python-versions = "*"
version = "0.5.1"

[[package]]
category = "main"
description = "Backport of pathlib-compatible object wrapper for zip files"
name = "zipp"
optional = false
python-versions = ">=2.7"
version = "1.2.0"

[package.extras]
docs = ["sphinx", "jaraco.packaging (>=3.2)", "rst.linker (>=1.9)"]
testing = ["pathlib2", "unittest2", "jaraco.itertools", "func-timeout"]

[metadata]
content-hash = "f5fc895500a97fa4bae53275dfbc80ccf162cf2fd2d201d9edbe88167fedb9aa"
lock-version = "1.0"
python-versions = "3.4.10"

[metadata.files]
appdirs = []
argparse = []
arrow = []
atomicwrites = []
attrs = []
beautifulsoup4 = []
cachetools = []
certifi = []
cffi = []
chardet = []
colorama = []
cryptography = []
cssselect = []
defusedxml = []
distlib = []
django = []
django-appconf = []
django-bootstrap-form = []
django-cachalot = []
django-ckeditor = []
django-compressor = []
django-concurrency = []
django-controlcenter = []
django-debug-toolbar = []
django-digg-paginator = []
django-etc = []
django-htmlmin = []
django-js-asset = []
django-likes = []
django-modeladmin-reorder = []
django-pkgconf = []
django-remdow = []
django-secretballot = []
django-siteblocks = []
django-taggit = []
django-taggit-autosuggest = []
django-user-accounts = []
feedparser = []
filelock = []
funcy = []
google-api-core = []
google-api-python-client = []
google-auth = []
google-auth-httplib2 = []
googleapis-common-protos = []
html5lib = []
httplib2 = []
idna = []
importlib-metadata = []
importlib-resources = []
lxml = []
micawber = []
mock = []
more-itertools = []
oauthlib = []
packaging = []
pathlib2 = []
pbr = []
pillow = []
pluggy = []
protobuf = []
py = []
pyasn1 = []
pyasn1-modules = []
pycparser = []
pyjwt = []
pyparsing = []
pysocks = []
pytest = []
pytest-runner = []
python-dateutil = []
python-social-auth = []
python3-openid = []
pytils = []
pytz = []
pyyaml = []
rcssmin = []
readability-lxml = []
requests = []
requests-oauthlib = []
rjsmin = []
rsa = []
scandir = []
six = []
social-auth-app-django = []
social-auth-core = []
sorl-thumbnail = []
soupsieve = []
sqlparse = []
stem = []
tox = []
tweepy = []
"twx.botapi" = []
typing = []
unidecode = []
uritemplate = []
urllib3 = []
urlobject = []
virtualenv = []
wcwidth = []
webencodings = []
zipp = []
